{
    "name": "jsonrpc-server",
    "version": "0.1.0",
    "lockfileVersion": 1,
    "requires": true,
    "dependencies": {
        "jsonrpc-errors": {
            "version": "git+https://github.com/tec-electronics-lls/jsonrpc-errors.git#d0d5cd4987e3cf2892d6a3428976e7614ef49673"
        },
        "nats": {
            "version": "0.8.10",
            "resolved": "https://registry.npmjs.org/nats/-/nats-0.8.10.tgz",
            "integrity": "sha512-0aCDCjDbSzmesiHfMG5WEMDurip1mMOdJ2zDTztuKp0RizDcu4u82azvr7NPJvqx9NmBxF1wAlacuHZlMcCRHQ==",
            "requires": {
                "nuid": "0.6.14"
            }
        },
        "nuid": {
            "version": "0.6.14",
            "resolved": "https://registry.npmjs.org/nuid/-/nuid-0.6.14.tgz",
            "integrity": "sha1-oiXItyDkbFY62NE2QTaGafbCW0g="
        }
    }
}
